
Microsoft Visual Studio Solution File, Format Version 12.00
# Visual Studio Version 17
VisualStudioVersion = 17.0.31903.59
MinimumVisualStudioVersion = 10.0.40219.1
Project("{FAE04EC0-301F-11D3-BF4B-00C04F79EFBC}") = "CoinFlow.Api", "CoinFlow.Api\CoinFlow.Api.csproj", "{53F75115-3231-435D-B8CE-96D2268A075F}"
EndProject
Project("{FAE04EC0-301F-11D3-BF4B-00C04F79EFBC}") = "CoinFlow.Domain", "CoinFlow.Domain\CoinFlow.Domain.csproj", "{E4E4B601-1599-4F92-8F4A-B58973DF065C}"
EndProject
Project("{FAE04EC0-301F-11D3-BF4B-00C04F79EFBC}") = "CoinFlow.Application", "CoinFlow.Application\CoinFlow.Application.csproj", "{17EFCE0A-569B-4295-A975-017AF053467C}"
EndProject
Project("{FAE04EC0-301F-11D3-BF4B-00C04F79EFBC}") = "CoinFlow.Infrastructure", "CoinFlow.Infrastructure\CoinFlow.Infrastructure.csproj", "{3B7FE2D9-7FD5-4D32-8B9E-28F564CFAF8D}"
EndProject
Global
	GlobalSection(SolutionConfigurationPlatforms) = preSolution
		Debug|Any CPU = Debug|Any CPU
		Debug|x64 = Debug|x64
		Debug|x86 = Debug|x86
		Release|Any CPU = Release|Any CPU
		Release|x64 = Release|x64
		Release|x86 = Release|x86
	EndGlobalSection
	GlobalSection(ProjectConfigurationPlatforms) = postSolution
		{53F75115-3231-435D-B8CE-96D2268A075F}.Debug|Any CPU.ActiveCfg = Debug|Any CPU
		{53F75115-3231-435D-B8CE-96D2268A075F}.Debug|Any CPU.Build.0 = Debug|Any CPU
		{53F75115-3231-435D-B8CE-96D2268A075F}.Debug|x64.ActiveCfg = Debug|Any CPU
		{53F75115-3231-435D-B8CE-96D2268A075F}.Debug|x64.Build.0 = Debug|Any CPU
		{53F75115-3231-435D-B8CE-96D2268A075F}.Debug|x86.ActiveCfg = Debug|Any CPU
		{53F75115-3231-435D-B8CE-96D2268A075F}.Debug|x86.Build.0 = Debug|Any CPU
		{53F75115-3231-435D-B8CE-96D2268A075F}.Release|Any CPU.ActiveCfg = Release|Any CPU
		{53F75115-3231-435D-B8CE-96D2268A075F}.Release|Any CPU.Build.0 = Release|Any CPU
		{53F75115-3231-435D-B8CE-96D2268A075F}.Release|x64.ActiveCfg = Release|Any CPU
		{53F75115-3231-435D-B8CE-96D2268A075F}.Release|x64.Build.0 = Release|Any CPU
		{53F75115-3231-435D-B8CE-96D2268A075F}.Release|x86.ActiveCfg = Release|Any CPU
		{53F75115-3231-435D-B8CE-96D2268A075F}.Release|x86.Build.0 = Release|Any CPU
		{E4E4B601-1599-4F92-8F4A-B58973DF065C}.Debug|Any CPU.ActiveCfg = Debug|Any CPU
		{E4E4B601-1599-4F92-8F4A-B58973DF065C}.Debug|Any CPU.Build.0 = Debug|Any CPU
		{E4E4B601-1599-4F92-8F4A-B58973DF065C}.Debug|x64.ActiveCfg = Debug|Any CPU
		{E4E4B601-1599-4F92-8F4A-B58973DF065C}.Debug|x64.Build.0 = Debug|Any CPU
		{E4E4B601-1599-4F92-8F4A-B58973DF065C}.Debug|x86.ActiveCfg = Debug|Any CPU
		{E4E4B601-1599-4F92-8F4A-B58973DF065C}.Debug|x86.Build.0 = Debug|Any CPU
		{E4E4B601-1599-4F92-8F4A-B58973DF065C}.Release|Any CPU.ActiveCfg = Release|Any CPU
		{E4E4B601-1599-4F92-8F4A-B58973DF065C}.Release|Any CPU.Build.0 = Release|Any CPU
		{E4E4B601-1599-4F92-8F4A-B58973DF065C}.Release|x64.ActiveCfg = Release|Any CPU
		{E4E4B601-1599-4F92-8F4A-B58973DF065C}.Release|x64.Build.0 = Release|Any CPU
		{E4E4B601-1599-4F92-8F4A-B58973DF065C}.Release|x86.ActiveCfg = Release|Any CPU
		{E4E4B601-1599-4F92-8F4A-B58973DF065C}.Release|x86.Build.0 = Release|Any CPU
		{17EFCE0A-569B-4295-A975-017AF053467C}.Debug|Any CPU.ActiveCfg = Debug|Any CPU
		{17EFCE0A-569B-4295-A975-017AF053467C}.Debug|Any CPU.Build.0 = Debug|Any CPU
		{17EFCE0A-569B-4295-A975-017AF053467C}.Debug|x64.ActiveCfg = Debug|Any CPU
		{17EFCE0A-569B-4295-A975-017AF053467C}.Debug|x64.Build.0 = Debug|Any CPU
		{17EFCE0A-569B-4295-A975-017AF053467C}.Debug|x86.ActiveCfg = Debug|Any CPU
		{17EFCE0A-569B-4295-A975-017AF053467C}.Debug|x86.Build.0 = Debug|Any CPU
		{17EFCE0A-569B-4295-A975-017AF053467C}.Release|Any CPU.ActiveCfg = Release|Any CPU
		{17EFCE0A-569B-4295-A975-017AF053467C}.Release|Any CPU.Build.0 = Release|Any CPU
		{17EFCE0A-569B-4295-A975-017AF053467C}.Release|x64.ActiveCfg = Release|Any CPU
		{17EFCE0A-569B-4295-A975-017AF053467C}.Release|x64.Build.0 = Release|Any CPU
		{17EFCE0A-569B-4295-A975-017AF053467C}.Release|x86.ActiveCfg = Release|Any CPU
		{17EFCE0A-569B-4295-A975-017AF053467C}.Release|x86.Build.0 = Release|Any CPU
		{3B7FE2D9-7FD5-4D32-8B9E-28F564CFAF8D}.Debug|Any CPU.ActiveCfg = Debug|Any CPU
		{3B7FE2D9-7FD5-4D32-8B9E-28F564CFAF8D}.Debug|Any CPU.Build.0 = Debug|Any CPU
		{3B7FE2D9-7FD5-4D32-8B9E-28F564CFAF8D}.Debug|x64.ActiveCfg = Debug|Any CPU
		{3B7FE2D9-7FD5-4D32-8B9E-28F564CFAF8D}.Debug|x64.Build.0 = Debug|Any CPU
		{3B7FE2D9-7FD5-4D32-8B9E-28F564CFAF8D}.Debug|x86.ActiveCfg = Debug|Any CPU
		{3B7FE2D9-7FD5-4D32-8B9E-28F564CFAF8D}.Debug|x86.Build.0 = Debug|Any CPU
		{3B7FE2D9-7FD5-4D32-8B9E-28F564CFAF8D}.Release|Any CPU.ActiveCfg = Release|Any CPU
		{3B7FE2D9-7FD5-4D32-8B9E-28F564CFAF8D}.Release|Any CPU.Build.0 = Release|Any CPU
		{3B7FE2D9-7FD5-4D32-8B9E-28F564CFAF8D}.Release|x64.ActiveCfg = Release|Any CPU
		{3B7FE2D9-7FD5-4D32-8B9E-28F564CFAF8D}.Release|x64.Build.0 = Release|Any CPU
		{3B7FE2D9-7FD5-4D32-8B9E-28F564CFAF8D}.Release|x86.ActiveCfg = Release|Any CPU
		{3B7FE2D9-7FD5-4D32-8B9E-28F564CFAF8D}.Release|x86.Build.0 = Release|Any CPU
	EndGlobalSection
	GlobalSection(SolutionProperties) = preSolution
		HideSolutionNode = FALSE
	EndGlobalSection
EndGlobal
